
Microsoft Visual Studio Solution File, Format Version 12.00
# Visual Studio Version 16
VisualStudioVersion = 16.0.33214.272
MinimumVisualStudioVersion = 10.0.40219.1
Project("{9A19103F-16F7-4668-BE54-9A1E7A4F7556}") = "Razor.WebPages", "Razor.WebPages\Razor.WebPages.csproj", "{E55991E8-0413-4FD8-910A-3A5AE4DAE497}"
EndProject
Project("{9A19103F-16F7-4668-BE54-9A1E7A4F7556}") = "Razor.WebPages.Models", "Razor.WebPages.Models\Razor.WebPages.Models.csproj", "{E5761505-6AC1-4686-97CC-685FFA4EC33D}"
EndProject
Project("{9A19103F-16F7-4668-BE54-9A1E7A4F7556}") = "Razor.WebPages.Sevices", "Razor.WebPages.Sevices\Razor.WebPages.Sevices.csproj", "{9BA4E657-F34A-4E8B-B222-A63CF2F5A044}"
EndProject
Global
	GlobalSection(SolutionConfigurationPlatforms) = preSolution
		Debug|Any CPU = Debug|Any CPU
		Release|Any CPU = Release|Any CPU
	EndGlobalSection
	GlobalSection(ProjectConfigurationPlatforms) = postSolution
		{E55991E8-0413-4FD8-910A-3A5AE4DAE497}.Debug|Any CPU.ActiveCfg = Debug|Any CPU
		{E55991E8-0413-4FD8-910A-3A5AE4DAE497}.Debug|Any CPU.Build.0 = Debug|Any CPU
		{E55991E8-0413-4FD8-910A-3A5AE4DAE497}.Release|Any CPU.ActiveCfg = Release|Any CPU
		{E55991E8-0413-4FD8-910A-3A5AE4DAE497}.Release|Any CPU.Build.0 = Release|Any CPU
		{E5761505-6AC1-4686-97CC-685FFA4EC33D}.Debug|Any CPU.ActiveCfg = Debug|Any CPU
		{E5761505-6AC1-4686-97CC-685FFA4EC33D}.Debug|Any CPU.Build.0 = Debug|Any CPU
		{E5761505-6AC1-4686-97CC-685FFA4EC33D}.Release|Any CPU.ActiveCfg = Release|Any CPU
		{E5761505-6AC1-4686-97CC-685FFA4EC33D}.Release|Any CPU.Build.0 = Release|Any CPU
		{9BA4E657-F34A-4E8B-B222-A63CF2F5A044}.Debug|Any CPU.ActiveCfg = Debug|Any CPU
		{9BA4E657-F34A-4E8B-B222-A63CF2F5A044}.Debug|Any CPU.Build.0 = Debug|Any CPU
		{9BA4E657-F34A-4E8B-B222-A63CF2F5A044}.Release|Any CPU.ActiveCfg = Release|Any CPU
		{9BA4E657-F34A-4E8B-B222-A63CF2F5A044}.Release|Any CPU.Build.0 = Release|Any CPU
	EndGlobalSection
	GlobalSection(SolutionProperties) = preSolution
		HideSolutionNode = FALSE
	EndGlobalSection
	GlobalSection(ExtensibilityGlobals) = postSolution
		SolutionGuid = {E0514F0C-3C2F-4284-AD7D-58BAEEC4F2DE}
	EndGlobalSection
EndGlobal
